Microsoft Visual Studio Solution File, Format Version 12.00
# Visual Studio 2013
Project("{8BC9CEB8-8B4A-11D0-8D11-00A0C91BC942}") = "ALL_BUILD", "ALL_BUILD.vcxproj", "{7978F1A4-9C53-49EB-A835-97D2377C217B}"
	ProjectSection(ProjectDependencies) = postProject
		{F7F96135-6225-400A-B2CD-7BBCD45DB766} = {F7F96135-6225-400A-B2CD-7BBCD45DB766}
		{E2AC6F54-A94A-4170-BA29-30AB24458FC2} = {E2AC6F54-A94A-4170-BA29-30AB24458FC2}
		{A85D874C-C5CA-4631-957E-1F11B4D66262} = {A85D874C-C5CA-4631-957E-1F11B4D66262}
		{E156D07D-23C0-4833-9068-623D48B0F3DE} = {E156D07D-23C0-4833-9068-623D48B0F3DE}
		{45F2C4E0-94B5-4C70-8654-B233E3B52169} = {45F2C4E0-94B5-4C70-8654-B233E3B52169}
	EndProjectSection
EndProject
Project("{8BC9CEB8-8B4A-11D0-8D11-00A0C91BC942}") = "INSTALL", "INSTALL.vcxproj", "{2D60F719-96D8-427E-AB9B-E76FABA8400C}"
	ProjectSection(ProjectDependencies) = postProject
		{7978F1A4-9C53-49EB-A835-97D2377C217B} = {7978F1A4-9C53-49EB-A835-97D2377C217B}
	EndProjectSection
EndProject
Project("{8BC9CEB8-8B4A-11D0-8D11-00A0C91BC942}") = "RUN_TESTS", "RUN_TESTS.vcxproj", "{A357E11B-A232-455B-9D1E-D1A9B2577209}"
	ProjectSection(ProjectDependencies) = postProject
	EndProjectSection
EndProject
Project("{8BC9CEB8-8B4A-11D0-8D11-00A0C91BC942}") = "ZERO_CHECK", "ZERO_CHECK.vcxproj", "{F7F96135-6225-400A-B2CD-7BBCD45DB766}"
	ProjectSection(ProjectDependencies) = postProject
	EndProjectSection
EndProject
Project("{8BC9CEB8-8B4A-11D0-8D11-00A0C91BC942}") = "example", "example.vcxproj", "{E2AC6F54-A94A-4170-BA29-30AB24458FC2}"
	ProjectSection(ProjectDependencies) = postProject
		{F7F96135-6225-400A-B2CD-7BBCD45DB766} = {F7F96135-6225-400A-B2CD-7BBCD45DB766}
		{E156D07D-23C0-4833-9068-623D48B0F3DE} = {E156D07D-23C0-4833-9068-623D48B0F3DE}
	EndProjectSection
EndProject
Project("{8BC9CEB8-8B4A-11D0-8D11-00A0C91BC942}") = "minigzip", "minigzip.vcxproj", "{A85D874C-C5CA-4631-957E-1F11B4D66262}"
	ProjectSection(ProjectDependencies) = postProject
		{F7F96135-6225-400A-B2CD-7BBCD45DB766} = {F7F96135-6225-400A-B2CD-7BBCD45DB766}
		{E156D07D-23C0-4833-9068-623D48B0F3DE} = {E156D07D-23C0-4833-9068-623D48B0F3DE}
	EndProjectSection
EndProject
Project("{8BC9CEB8-8B4A-11D0-8D11-00A0C91BC942}") = "zlib", "zlib.vcxproj", "{E156D07D-23C0-4833-9068-623D48B0F3DE}"
	ProjectSection(ProjectDependencies) = postProject
		{F7F96135-6225-400A-B2CD-7BBCD45DB766} = {F7F96135-6225-400A-B2CD-7BBCD45DB766}
	EndProjectSection
EndProject
Project("{8BC9CEB8-8B4A-11D0-8D11-00A0C91BC942}") = "zlibstatic", "zlibstatic.vcxproj", "{45F2C4E0-94B5-4C70-8654-B233E3B52169}"
	ProjectSection(ProjectDependencies) = postProject
		{F7F96135-6225-400A-B2CD-7BBCD45DB766} = {F7F96135-6225-400A-B2CD-7BBCD45DB766}
	EndProjectSection
EndProject
Global
	GlobalSection(SolutionConfigurationPlatforms) = preSolution
		Debug|Win32 = Debug|Win32
		Release|Win32 = Release|Win32
		MinSizeRel|Win32 = MinSizeRel|Win32
		RelWithDebInfo|Win32 = RelWithDebInfo|Win32
	EndGlobalSection
	GlobalSection(ProjectConfigurationPlatforms) = postSolution
		{7978F1A4-9C53-49EB-A835-97D2377C217B}.Debug|Win32.ActiveCfg = Debug|Win32
		{7978F1A4-9C53-49EB-A835-97D2377C217B}.Debug|Win32.Build.0 = Debug|Win32
		{7978F1A4-9C53-49EB-A835-97D2377C217B}.Release|Win32.ActiveCfg = Release|Win32
		{7978F1A4-9C53-49EB-A835-97D2377C217B}.Release|Win32.Build.0 = Release|Win32
		{7978F1A4-9C53-49EB-A835-97D2377C217B}.MinSizeRel|Win32.ActiveCfg = MinSizeRel|Win32
		{7978F1A4-9C53-49EB-A835-97D2377C217B}.MinSizeRel|Win32.Build.0 = MinSizeRel|Win32
		{7978F1A4-9C53-49EB-A835-97D2377C217B}.RelWithDebInfo|Win32.ActiveCfg = RelWithDebInfo|Win32
		{7978F1A4-9C53-49EB-A835-97D2377C217B}.RelWithDebInfo|Win32.Build.0 = RelWithDebInfo|Win32
		{2D60F719-96D8-427E-AB9B-E76FABA8400C}.Debug|Win32.ActiveCfg = Debug|Win32
		{2D60F719-96D8-427E-AB9B-E76FABA8400C}.Release|Win32.ActiveCfg = Release|Win32
		{2D60F719-96D8-427E-AB9B-E76FABA8400C}.MinSizeRel|Win32.ActiveCfg = MinSizeRel|Win32
		{2D60F719-96D8-427E-AB9B-E76FABA8400C}.RelWithDebInfo|Win32.ActiveCfg = RelWithDebInfo|Win32
		{A357E11B-A232-455B-9D1E-D1A9B2577209}.Debug|Win32.ActiveCfg = Debug|Win32
		{A357E11B-A232-455B-9D1E-D1A9B2577209}.Release|Win32.ActiveCfg = Release|Win32
		{A357E11B-A232-455B-9D1E-D1A9B2577209}.MinSizeRel|Win32.ActiveCfg = MinSizeRel|Win32
		{A357E11B-A232-455B-9D1E-D1A9B2577209}.RelWithDebInfo|Win32.ActiveCfg = RelWithDebInfo|Win32
		{F7F96135-6225-400A-B2CD-7BBCD45DB766}.Debug|Win32.ActiveCfg = Debug|Win32
		{F7F96135-6225-400A-B2CD-7BBCD45DB766}.Debug|Win32.Build.0 = Debug|Win32
		{F7F96135-6225-400A-B2CD-7BBCD45DB766}.Release|Win32.ActiveCfg = Release|Win32
		{F7F96135-6225-400A-B2CD-7BBCD45DB766}.Release|Win32.Build.0 = Release|Win32
		{F7F96135-6225-400A-B2CD-7BBCD45DB766}.MinSizeRel|Win32.ActiveCfg = MinSizeRel|Win32
		{F7F96135-6225-400A-B2CD-7BBCD45DB766}.MinSizeRel|Win32.Build.0 = MinSizeRel|Win32
		{F7F96135-6225-400A-B2CD-7BBCD45DB766}.RelWithDebInfo|Win32.ActiveCfg = RelWithDebInfo|Win32
		{F7F96135-6225-400A-B2CD-7BBCD45DB766}.RelWithDebInfo|Win32.Build.0 = RelWithDebInfo|Win32
		{E2AC6F54-A94A-4170-BA29-30AB24458FC2}.Debug|Win32.ActiveCfg = Debug|Win32
		{E2AC6F54-A94A-4170-BA29-30AB24458FC2}.Debug|Win32.Build.0 = Debug|Win32
		{E2AC6F54-A94A-4170-BA29-30AB24458FC2}.Release|Win32.ActiveCfg = Release|Win32
		{E2AC6F54-A94A-4170-BA29-30AB24458FC2}.Release|Win32.Build.0 = Release|Win32
		{E2AC6F54-A94A-4170-BA29-30AB24458FC2}.MinSizeRel|Win32.ActiveCfg = MinSizeRel|Win32
		{E2AC6F54-A94A-4170-BA29-30AB24458FC2}.MinSizeRel|Win32.Build.0 = MinSizeRel|Win32
		{E2AC6F54-A94A-4170-BA29-30AB24458FC2}.RelWithDebInfo|Win32.ActiveCfg = RelWithDebInfo|Win32
		{E2AC6F54-A94A-4170-BA29-30AB24458FC2}.RelWithDebInfo|Win32.Build.0 = RelWithDebInfo|Win32
		{A85D874C-C5CA-4631-957E-1F11B4D66262}.Debug|Win32.ActiveCfg = Debug|Win32
		{A85D874C-C5CA-4631-957E-1F11B4D66262}.Debug|Win32.Build.0 = Debug|Win32
		{A85D874C-C5CA-4631-957E-1F11B4D66262}.Release|Win32.ActiveCfg = Release|Win32
		{A85D874C-C5CA-4631-957E-1F11B4D66262}.Release|Win32.Build.0 = Release|Win32
		{A85D874C-C5CA-4631-957E-1F11B4D66262}.MinSizeRel|Win32.ActiveCfg = MinSizeRel|Win32
		{A85D874C-C5CA-4631-957E-1F11B4D66262}.MinSizeRel|Win32.Build.0 = MinSizeRel|Win32
		{A85D874C-C5CA-4631-957E-1F11B4D66262}.RelWithDebInfo|Win32.ActiveCfg = RelWithDebInfo|Win32
		{A85D874C-C5CA-4631-957E-1F11B4D66262}.RelWithDebInfo|Win32.Build.0 = RelWithDebInfo|Win32
		{E156D07D-23C0-4833-9068-623D48B0F3DE}.Debug|Win32.ActiveCfg = Debug|Win32
		{E156D07D-23C0-4833-9068-623D48B0F3DE}.Debug|Win32.Build.0 = Debug|Win32
		{E156D07D-23C0-4833-9068-623D48B0F3DE}.Release|Win32.ActiveCfg = Release|Win32
		{E156D07D-23C0-4833-9068-623D48B0F3DE}.Release|Win32.Build.0 = Release|Win32
		{E156D07D-23C0-4833-9068-623D48B0F3DE}.MinSizeRel|Win32.ActiveCfg = MinSizeRel|Win32
		{E156D07D-23C0-4833-9068-623D48B0F3DE}.MinSizeRel|Win32.Build.0 = MinSizeRel|Win32
		{E156D07D-23C0-4833-9068-623D48B0F3DE}.RelWithDebInfo|Win32.ActiveCfg = RelWithDebInfo|Win32
		{E156D07D-23C0-4833-9068-623D48B0F3DE}.RelWithDebInfo|Win32.Build.0 = RelWithDebInfo|Win32
		{45F2C4E0-94B5-4C70-8654-B233E3B52169}.Debug|Win32.ActiveCfg = Debug|Win32
		{45F2C4E0-94B5-4C70-8654-B233E3B52169}.Debug|Win32.Build.0 = Debug|Win32
		{45F2C4E0-94B5-4C70-8654-B233E3B52169}.Release|Win32.ActiveCfg = Release|Win32
		{45F2C4E0-94B5-4C70-8654-B233E3B52169}.Release|Win32.Build.0 = Release|Win32
		{45F2C4E0-94B5-4C70-8654-B233E3B52169}.MinSizeRel|Win32.ActiveCfg = MinSizeRel|Win32
		{45F2C4E0-94B5-4C70-8654-B233E3B52169}.MinSizeRel|Win32.Build.0 = MinSizeRel|Win32
		{45F2C4E0-94B5-4C70-8654-B233E3B52169}.RelWithDebInfo|Win32.ActiveCfg = RelWithDebInfo|Win32
		{45F2C4E0-94B5-4C70-8654-B233E3B52169}.RelWithDebInfo|Win32.Build.0 = RelWithDebInfo|Win32
	EndGlobalSection
	GlobalSection(ExtensibilityGlobals) = postSolution
	EndGlobalSection
	GlobalSection(ExtensibilityAddIns) = postSolution
	EndGlobalSection
EndGlobal
